
Microsoft Visual Studio Solution File, Format Version 12.00
# Visual Studio Version 17
VisualStudioVersion = 17.2.32630.192
MinimumVisualStudioVersion = 10.0.40219.1
Project("{FAE04EC0-301F-11D3-BF4B-00C04F79EFBC}") = "shamir-secret-sharing", "shamir-secret-sharing\shamir-secret-sharing.csproj", "{5DC8B348-27CB-413E-A00B-FE836D986097}"
EndProject
Global
	GlobalSection(SolutionConfigurationPlatforms) = preSolution
		Debug|anycpu = Debug|anycpu
		Release|anycpu = Release|anycpu
	EndGlobalSection
	GlobalSection(ProjectConfigurationPlatforms) = postSolution
		{5DC8B348-27CB-413E-A00B-FE836D986097}.Debug|anycpu.ActiveCfg = Debug|Any CPU
		{5DC8B348-27CB-413E-A00B-FE836D986097}.Debug|anycpu.Build.0 = Debug|Any CPU
		{5DC8B348-27CB-413E-A00B-FE836D986097}.Release|anycpu.ActiveCfg = Release|anycpu
		{5DC8B348-27CB-413E-A00B-FE836D986097}.Release|anycpu.Build.0 = Release|anycpu
	EndGlobalSection
	GlobalSection(SolutionProperties) = preSolution
		HideSolutionNode = FALSE
	EndGlobalSection
	GlobalSection(ExtensibilityGlobals) = postSolution
		SolutionGuid = {5AE2715B-F754-4F31-89D2-8F08159D06FB}
	EndGlobalSection
EndGlobal
